
Microsoft Visual Studio Solution File, Format Version 12.00
# Visual Studio 14
VisualStudioVersion = 14.0.25420.1
MinimumVisualStudioVersion = 10.0.40219.1
Project("{FAE04EC0-301F-11D3-BF4B-00C04F79EFBC}") = "MVCApp", "MVCApp\MVCApp.csproj", "{DB888412-6D94-45B8-87E5-77B4575D2A12}"
EndProject
Project("{FAE04EC0-301F-11D3-BF4B-00C04F79EFBC}") = "MVCApp.Tests", "MVCApp.Tests\MVCApp.Tests.csproj", "{5691B50C-0457-41B2-A758-1D1068F94612}"
EndProject
Project("{FAE04EC0-301F-11D3-BF4B-00C04F79EFBC}") = "WebServiceTest", "WebServiceTest\WebServiceTest.csproj", "{33725BC4-CECB-4CAC-97AF-B581F1DD9473}"
EndProject
Project("{FAE04EC0-301F-11D3-BF4B-00C04F79EFBC}") = "WebServiceTest.Tests", "WebServiceTest.Tests\WebServiceTest.Tests.csproj", "{44907B04-7142-4684-BD9E-B5F0CAC22B03}"
EndProject
Project("{FAE04EC0-301F-11D3-BF4B-00C04F79EFBC}") = "WebApiApp", "WebApiApp\WebApiApp.csproj", "{618A21D5-E8A3-47A5-AC64-3725BF98203E}"
EndProject
Global
	GlobalSection(SolutionConfigurationPlatforms) = preSolution
		Debug|Any CPU = Debug|Any CPU
		Release|Any CPU = Release|Any CPU
	EndGlobalSection
	GlobalSection(ProjectConfigurationPlatforms) = postSolution
		{DB888412-6D94-45B8-87E5-77B4575D2A12}.Debug|Any CPU.ActiveCfg = Debug|Any CPU
		{DB888412-6D94-45B8-87E5-77B4575D2A12}.Debug|Any CPU.Build.0 = Debug|Any CPU
		{DB888412-6D94-45B8-87E5-77B4575D2A12}.Release|Any CPU.ActiveCfg = Release|Any CPU
		{DB888412-6D94-45B8-87E5-77B4575D2A12}.Release|Any CPU.Build.0 = Release|Any CPU
		{5691B50C-0457-41B2-A758-1D1068F94612}.Debug|Any CPU.ActiveCfg = Debug|Any CPU
		{5691B50C-0457-41B2-A758-1D1068F94612}.Debug|Any CPU.Build.0 = Debug|Any CPU
		{5691B50C-0457-41B2-A758-1D1068F94612}.Release|Any CPU.ActiveCfg = Release|Any CPU
		{5691B50C-0457-41B2-A758-1D1068F94612}.Release|Any CPU.Build.0 = Release|Any CPU
		{33725BC4-CECB-4CAC-97AF-B581F1DD9473}.Debug|Any CPU.ActiveCfg = Debug|Any CPU
		{33725BC4-CECB-4CAC-97AF-B581F1DD9473}.Debug|Any CPU.Build.0 = Debug|Any CPU
		{33725BC4-CECB-4CAC-97AF-B581F1DD9473}.Release|Any CPU.ActiveCfg = Release|Any CPU
		{33725BC4-CECB-4CAC-97AF-B581F1DD9473}.Release|Any CPU.Build.0 = Release|Any CPU
		{44907B04-7142-4684-BD9E-B5F0CAC22B03}.Debug|Any CPU.ActiveCfg = Debug|Any CPU
		{44907B04-7142-4684-BD9E-B5F0CAC22B03}.Debug|Any CPU.Build.0 = Debug|Any CPU
		{44907B04-7142-4684-BD9E-B5F0CAC22B03}.Release|Any CPU.ActiveCfg = Release|Any CPU
		{44907B04-7142-4684-BD9E-B5F0CAC22B03}.Release|Any CPU.Build.0 = Release|Any CPU
		{618A21D5-E8A3-47A5-AC64-3725BF98203E}.Debug|Any CPU.ActiveCfg = Debug|Any CPU
		{618A21D5-E8A3-47A5-AC64-3725BF98203E}.Debug|Any CPU.Build.0 = Debug|Any CPU
		{618A21D5-E8A3-47A5-AC64-3725BF98203E}.Release|Any CPU.ActiveCfg = Release|Any CPU
		{618A21D5-E8A3-47A5-AC64-3725BF98203E}.Release|Any CPU.Build.0 = Release|Any CPU
	EndGlobalSection
	GlobalSection(SolutionProperties) = preSolution
		HideSolutionNode = FALSE
	EndGlobalSection
EndGlobal
